
Microsoft Visual Studio Solution File, Format Version 12.00
# Visual Studio Version 17
VisualStudioVersion = 17.7.34031.279
MinimumVisualStudioVersion = 10.0.40219.1
Project("{9A19103F-16F7-4668-BE54-9A1E7A4F7556}") = "MiniPayRollManagementSysytem1", "MiniPayRollManagementSysytem1\MiniPayRollManagementSysytem1.csproj", "{EBED8896-9FE7-4D28-81FE-ADF6A93698B3}"
EndProject
Project("{FAE04EC0-301F-11D3-BF4B-00C04F79EFBC}") = "TestProject1", "TestProject1\TestProject1.csproj", "{2530031B-4859-4485-908B-94906D856F9F}"
EndProject
Global
	GlobalSection(SolutionConfigurationPlatforms) = preSolution
		Debug|Any CPU = Debug|Any CPU
		Release|Any CPU = Release|Any CPU
	EndGlobalSection
	GlobalSection(ProjectConfigurationPlatforms) = postSolution
		{EBED8896-9FE7-4D28-81FE-ADF6A93698B3}.Debug|Any CPU.ActiveCfg = Debug|Any CPU
		{EBED8896-9FE7-4D28-81FE-ADF6A93698B3}.Debug|Any CPU.Build.0 = Debug|Any CPU
		{EBED8896-9FE7-4D28-81FE-ADF6A93698B3}.Release|Any CPU.ActiveCfg = Release|Any CPU
		{EBED8896-9FE7-4D28-81FE-ADF6A93698B3}.Release|Any CPU.Build.0 = Release|Any CPU
		{2530031B-4859-4485-908B-94906D856F9F}.Debug|Any CPU.ActiveCfg = Debug|Any CPU
		{2530031B-4859-4485-908B-94906D856F9F}.Debug|Any CPU.Build.0 = Debug|Any CPU
		{2530031B-4859-4485-908B-94906D856F9F}.Release|Any CPU.ActiveCfg = Release|Any CPU
		{2530031B-4859-4485-908B-94906D856F9F}.Release|Any CPU.Build.0 = Release|Any CPU
	EndGlobalSection
	GlobalSection(SolutionProperties) = preSolution
		HideSolutionNode = FALSE
	EndGlobalSection
	GlobalSection(ExtensibilityGlobals) = postSolution
		SolutionGuid = {ABC90DCB-2A45-461A-AB11-A2A1DCABEE8C}
	EndGlobalSection
EndGlobal
